
Microsoft Visual Studio Solution File, Format Version 12.00
# Visual Studio Version 16
VisualStudioVersion = 16.0.28803.156
MinimumVisualStudioVersion = 10.0.40219.1
Project("{FAE04EC0-301F-11D3-BF4B-00C04F79EFBC}") = "UserRoles.WebMVC", "UserRoles.WebMVC\UserRoles.WebMVC.csproj", "{0E7CED88-5871-4BB8-9977-D62D4C98B8C9}"
EndProject
Project("{FAE04EC0-301F-11D3-BF4B-00C04F79EFBC}") = "UserRoles.Data", "UserRoles.Data\UserRoles.Data.csproj", "{557E1753-DD4B-4E70-8CE9-118D338195C9}"
EndProject
Project("{FAE04EC0-301F-11D3-BF4B-00C04F79EFBC}") = "UserRoles.Services", "UserRoles.Services\UserRoles.Services.csproj", "{B7735888-AC43-4397-8FE9-7BBA7A45C5CF}"
EndProject
Project("{FAE04EC0-301F-11D3-BF4B-00C04F79EFBC}") = "UserRoles.Models", "UserRoles.Models\UserRoles.Models.csproj", "{CC212E76-788C-4300-B72D-FE8F4F931886}"
EndProject
Project("{FAE04EC0-301F-11D3-BF4B-00C04F79EFBC}") = "UserRoles.Services.Contracts", "UserRoles.Services.Contracts\UserRoles.Services.Contracts.csproj", "{9CDA8EF1-8810-4E67-BBE7-592C3BA9102B}"
EndProject
Global
	GlobalSection(SolutionConfigurationPlatforms) = preSolution
		Debug|Any CPU = Debug|Any CPU
		Release|Any CPU = Release|Any CPU
	EndGlobalSection
	GlobalSection(ProjectConfigurationPlatforms) = postSolution
		{0E7CED88-5871-4BB8-9977-D62D4C98B8C9}.Debug|Any CPU.ActiveCfg = Debug|Any CPU
		{0E7CED88-5871-4BB8-9977-D62D4C98B8C9}.Debug|Any CPU.Build.0 = Debug|Any CPU
		{0E7CED88-5871-4BB8-9977-D62D4C98B8C9}.Release|Any CPU.ActiveCfg = Release|Any CPU
		{0E7CED88-5871-4BB8-9977-D62D4C98B8C9}.Release|Any CPU.Build.0 = Release|Any CPU
		{557E1753-DD4B-4E70-8CE9-118D338195C9}.Debug|Any CPU.ActiveCfg = Debug|Any CPU
		{557E1753-DD4B-4E70-8CE9-118D338195C9}.Debug|Any CPU.Build.0 = Debug|Any CPU
		{557E1753-DD4B-4E70-8CE9-118D338195C9}.Release|Any CPU.ActiveCfg = Release|Any CPU
		{557E1753-DD4B-4E70-8CE9-118D338195C9}.Release|Any CPU.Build.0 = Release|Any CPU
		{B7735888-AC43-4397-8FE9-7BBA7A45C5CF}.Debug|Any CPU.ActiveCfg = Debug|Any CPU
		{B7735888-AC43-4397-8FE9-7BBA7A45C5CF}.Debug|Any CPU.Build.0 = Debug|Any CPU
		{B7735888-AC43-4397-8FE9-7BBA7A45C5CF}.Release|Any CPU.ActiveCfg = Release|Any CPU
		{B7735888-AC43-4397-8FE9-7BBA7A45C5CF}.Release|Any CPU.Build.0 = Release|Any CPU
		{CC212E76-788C-4300-B72D-FE8F4F931886}.Debug|Any CPU.ActiveCfg = Debug|Any CPU
		{CC212E76-788C-4300-B72D-FE8F4F931886}.Debug|Any CPU.Build.0 = Debug|Any CPU
		{CC212E76-788C-4300-B72D-FE8F4F931886}.Release|Any CPU.ActiveCfg = Release|Any CPU
		{CC212E76-788C-4300-B72D-FE8F4F931886}.Release|Any CPU.Build.0 = Release|Any CPU
		{9CDA8EF1-8810-4E67-BBE7-592C3BA9102B}.Debug|Any CPU.ActiveCfg = Debug|Any CPU
		{9CDA8EF1-8810-4E67-BBE7-592C3BA9102B}.Debug|Any CPU.Build.0 = Debug|Any CPU
		{9CDA8EF1-8810-4E67-BBE7-592C3BA9102B}.Release|Any CPU.ActiveCfg = Release|Any CPU
		{9CDA8EF1-8810-4E67-BBE7-592C3BA9102B}.Release|Any CPU.Build.0 = Release|Any CPU
	EndGlobalSection
	GlobalSection(SolutionProperties) = preSolution
		HideSolutionNode = FALSE
	EndGlobalSection
	GlobalSection(ExtensibilityGlobals) = postSolution
		SolutionGuid = {0A23C098-545E-4510-A821-1A36677DD094}
	EndGlobalSection
EndGlobal
